lockfileVersion: '9.0'

settings:
  autoInstallPeers: true
  excludeLinksFromLockfile: false

importers:

  .:
    dependencies:
      npm-packlist:
        specifier: ~10.0.4
        version: 10.0.4

packages:

  balanced-match@4.0.4:
    resolution: {integrity: sha512-BLrgEcRTwX2o6gGxGOCNyMvGSp35YofuYzw9h1IMTRmKqttAZZVU67bdb9Pr2vUHA8+j3i2tJfjO6C6+4myGTA==}
    engines: {node: 18 || 20 || >=22}

  brace-expansion@5.0.9:
    resolution: {integrity: sha512-ScQ4IuvIEF1TMlP7Zt+vjJ//9zlPb2SDcxWxM3bk8s6t6GGdJ7KO1dCcTidOPJKePW30LE/2cT7wCyPho9/Wxg==}
    engines: {node: 20 || >=22}

  ignore-walk@8.0.0:
    resolution: {integrity: sha512-FCeMZT4NiRQGh+YkeKMtWrOmBgWjHjMJ26WQWrRQyoyzqevdaGSakUaJW5xQYmjLlUVk2qUnCjYVBax9EKKg8A==}
    engines: {node: ^20.17.0 || >=22.9.0}

  minimatch@10.2.6:
    resolution: {integrity: sha512-vpLQEs+VLCr1nU0BXS07maYoFwlDAH0gngQuuttxIwutDFEMHq2blX+8vpgxDdK3J1PwjCJiep77OitTZ4Ll1A==}
    engines: {node: 18 || 20 || >=22}

  npm-packlist@10.0.4:
    resolution: {integrity: sha512-uMW73iajD8hiH4ZBxEV3HC+eTnppIqwakjOYuvgddnalIw2lJguKviK1pcUJDlIWm1wSJkchpDZDSVVsZEYRng==}
    engines: {node: ^20.17.0 || >=22.9.0}

  proc-log@6.1.0:
    resolution: {integrity: sha512-iG+GYldRf2BQ0UDUAd6JQ/RwzaQy6mXmsk/IzlYyal4A4SNFw54MeH4/tLkF4I5WoWG9SQwuqWzS99jaFQHBuQ==}
    engines: {node: ^20.17.0 || >=22.9.0}

snapshots:

  balanced-match@4.0.4: {}

  brace-expansion@5.0.9:
    dependencies:
      balanced-match: 4.0.4

  ignore-walk@8.0.0:
    dependencies:
      minimatch: 10.2.6

  minimatch@10.2.6:
    dependencies:
      brace-expansion: 5.0.9

  npm-packlist@10.0.4:
    dependencies:
      ignore-walk: 8.0.0
      proc-log: 6.1.0

  proc-log@6.1.0: {}
